Microsoft Visual Studio Solution File, Format Version 11.00
# Visual Studio 2010
Project("{8BC9CEB8-8B4A-11D0-8D11-00A0C91BC942}") = "SampleBrowser", "Samples\Browser\SampleBrowser.vcxproj", "{F6AF012A-98D3-466F-AFF0-BC4FD4D511F9}"
	ProjectSection(ProjectDependencies) = postProject
		{437CD0E0-D6D4-4FB5-942D-4C4178767A2B} = {437CD0E0-D6D4-4FB5-942D-4C4178767A2B}
		{E4ED3D0F-0CB6-431D-B815-D62EB036D891} = {E4ED3D0F-0CB6-431D-B815-D62EB036D891}
		{9C94828E-3D02-4713-A80E-175C8D94BF46} = {9C94828E-3D02-4713-A80E-175C8D94BF46}
		{E8E85B8D-2461-49C4-8862-3F1398F06457} = {E8E85B8D-2461-49C4-8862-3F1398F06457}
		{4709DBD4-E476-45F6-8A8B-C4A3B02DAA06} = {4709DBD4-E476-45F6-8A8B-C4A3B02DAA06}
		{ADC49714-D54D-4373-9271-B6F5E0C30E9D} = {ADC49714-D54D-4373-9271-B6F5E0C30E9D}
		{3867B065-46F4-4FB1-96A2-6A9004DE3752} = {3867B065-46F4-4FB1-96A2-6A9004DE3752}
		{CEF48EA1-3BCA-4D91-A14C-C415CFE10319} = {CEF48EA1-3BCA-4D91-A14C-C415CFE10319}
		{773CCDF5-EB8E-4DF5-B35D-6A5F94C63C4C} = {773CCDF5-EB8E-4DF5-B35D-6A5F94C63C4C}
		{2A91D5F1-0392-481F-991D-EFD2DD61B8CC} = {2A91D5F1-0392-481F-991D-EFD2DD61B8CC}
		{80987CEA-9F74-431C-AAF4-D8BEBAF2D73A} = {80987CEA-9F74-431C-AAF4-D8BEBAF2D73A}
		{6B45404B-EB5E-40B1-B4D0-50D16586C2B3} = {6B45404B-EB5E-40B1-B4D0-50D16586C2B3}
		{0D62011D-536C-4A48-8088-CC78FE0D3E98} = {0D62011D-536C-4A48-8088-CC78FE0D3E98}
		{3290509D-81BA-4275-B3EA-141BC03E435B} = {3290509D-81BA-4275-B3EA-141BC03E435B}
		{14DA64B4-B32B-40E0-A8FD-D0FDFBACD6A8} = {14DA64B4-B32B-40E0-A8FD-D0FDFBACD6A8}
		{085D772A-851C-4907-9E14-4181F41672C7} = {085D772A-851C-4907-9E14-4181F41672C7}
		{1CD87CA8-0F4F-4AF0-991A-E0B29C569837} = {1CD87CA8-0F4F-4AF0-991A-E0B29C569837}
		{C535083D-93B5-4918-B77A-BCA34F35969F} = {C535083D-93B5-4918-B77A-BCA34F35969F}
		{A4289426-D87F-4A99-AF68-9FF9AD4394BE} = {A4289426-D87F-4A99-AF68-9FF9AD4394BE}
		{C840AF3E-24D4-4FD5-BA91-6188CD37388E} = {C840AF3E-24D4-4FD5-BA91-6188CD37388E}
		{4FB88A4B-ACBE-4D94-8BF0-E41E095A32BE} = {4FB88A4B-ACBE-4D94-8BF0-E41E095A32BE}
		{37B0D218-A704-4FDA-A968-7498191612CC} = {37B0D218-A704-4FDA-A968-7498191612CC}
		{AFB428EF-0A02-4131-90C1-2536845618B1} = {AFB428EF-0A02-4131-90C1-2536845618B1}
		{D20ED169-1D1D-4FD0-8389-84AD016AD0EC} = {D20ED169-1D1D-4FD0-8389-84AD016AD0EC}
		{93BAB14E-0C29-4E0D-B2B4-0EA7387FE1F5} = {93BAB14E-0C29-4E0D-B2B4-0EA7387FE1F5}
		{9801D113-7823-4330-BA0A-5425E3E53849} = {9801D113-7823-4330-BA0A-5425E3E53849}
		{FABE4E5F-785B-4740-BD4D-602ECD6E91B0} = {FABE4E5F-785B-4740-BD4D-602ECD6E91B0}
		{ED44EDF7-6B2C-4B1E-80FA-07C9F7987BFD} = {ED44EDF7-6B2C-4B1E-80FA-07C9F7987BFD}
		{03FB3E8F-0693-4AEC-BFDB-DEEAF8EE7975} = {03FB3E8F-0693-4AEC-BFDB-DEEAF8EE7975}
		{B32D4524-504C-417A-A7B4-5ED066FF1532} = {B32D4524-504C-417A-A7B4-5ED066FF1532}
		{1C1D83FF-BF17-4026-AA25-667AA8C2790E} = {1C1D83FF-BF17-4026-AA25-667AA8C2790E}
		{9796392D-2313-438C-8C30-8B6104BA694A} = {9796392D-2313-438C-8C30-8B6104BA694A}
	EndProjectSection
EndProject
Project("{8BC9CEB8-8B4A-11D0-8D11-00A0C91BC942}") = "Sample_BSP", "Samples\BSP\Sample_BSP.vcxproj", "{437CD0E0-D6D4-4FB5-942D-4C4178767A2B}"
EndProject
Project("{8BC9CEB8-8B4A-11D0-8D11-00A0C91BC942}") = "Sample_BezierPatch", "Samples\BezierPatch\Sample_BezierPatch.vcxproj", "{E4ED3D0F-0CB6-431D-B815-D62EB036D891}"
EndProject
Project("{8BC9CEB8-8B4A-11D0-8D11-00A0C91BC942}") = "Sample_CameraTrack", "Samples\CameraTrack\Sample_CameraTrack.vcxproj", "{9C94828E-3D02-4713-A80E-175C8D94BF46}"
EndProject
Project("{8BC9CEB8-8B4A-11D0-8D11-00A0C91BC942}") = "Sample_CelShading", "Samples\CelShading\Sample_CelShading.vcxproj", "{E8E85B8D-2461-49C4-8862-3F1398F06457}"
EndProject
Project("{8BC9CEB8-8B4A-11D0-8D11-00A0C91BC942}") = "Sample_Character", "Samples\Character\Sample_Character.vcxproj", "{4709DBD4-E476-45F6-8A8B-C4A3B02DAA06}"
EndProject
Project("{8BC9CEB8-8B4A-11D0-8D11-00A0C91BC942}") = "Sample_Compositor", "Samples\Compositor\Sample_Compositor.vcxproj", "{ADC49714-D54D-4373-9271-B6F5E0C30E9D}"
EndProject
Project("{8BC9CEB8-8B4A-11D0-8D11-00A0C91BC942}") = "Sample_CubeMapping", "Samples\CubeMapping\Sample_CubeMapping.vcxproj", "{3867B065-46F4-4FB1-96A2-6A9004DE3752}"
EndProject
Project("{8BC9CEB8-8B4A-11D0-8D11-00A0C91BC942}") = "Sample_DeferredShading", "Samples\DeferredShading\Sample_DeferredShading.vcxproj", "{CEF48EA1-3BCA-4D91-A14C-C415CFE10319}"
EndProject
Project("{8BC9CEB8-8B4A-11D0-8D11-00A0C91BC942}") = "Sample_Dot3Bump", "Samples\Dot3Bump\Sample_Dot3Bump.vcxproj", "{773CCDF5-EB8E-4DF5-B35D-6A5F94C63C4C}"
EndProject
Project("{8BC9CEB8-8B4A-11D0-8D11-00A0C91BC942}") = "Sample_DynTex", "Samples\DynTex\Sample_DynTex.vcxproj", "{2A91D5F1-0392-481F-991D-EFD2DD61B8CC}"
EndProject
Project("{8BC9CEB8-8B4A-11D0-8D11-00A0C91BC942}") = "Sample_FacialAnimation", "Samples\FacialAnimation\Sample_FacialAnimation.vcxproj", "{80987CEA-9F74-431C-AAF4-D8BEBAF2D73A}"
EndProject
Project("{8BC9CEB8-8B4A-11D0-8D11-00A0C91BC942}") = "Sample_Fresnel", "Samples\Fresnel\Sample_Fresnel.vcxproj", "{6B45404B-EB5E-40B1-B4D0-50D16586C2B3}"
EndProject
Project("{8BC9CEB8-8B4A-11D0-8D11-00A0C91BC942}") = "Sample_Grass", "Samples\Grass\Sample_Grass.vcxproj", "{0D62011D-536C-4A48-8088-CC78FE0D3E98}"
EndProject
Project("{8BC9CEB8-8B4A-11D0-8D11-00A0C91BC942}") = "Sample_Instancing", "Samples\Instancing\Sample_Instancing.vcxproj", "{3290509D-81BA-4275-B3EA-141BC03E435B}"
EndProject
Project("{8BC9CEB8-8B4A-11D0-8D11-00A0C91BC942}") = "Sample_Isosurf", "Samples\Isosurf\Sample_Isosurf.vcxproj", "{14DA64B4-B32B-40E0-A8FD-D0FDFBACD6A8}"
EndProject
Project("{8BC9CEB8-8B4A-11D0-8D11-00A0C91BC942}") = "Sample_Lighting", "Samples\Lighting\Sample_Lighting.vcxproj", "{085D772A-851C-4907-9E14-4181F41672C7}"
EndProject
Project("{8BC9CEB8-8B4A-11D0-8D11-00A0C91BC942}") = "Sample_Ocean", "Samples\OceanDemo\Sample_Ocean.vcxproj", "{1CD87CA8-0F4F-4AF0-991A-E0B29C569837}"
EndProject
Project("{8BC9CEB8-8B4A-11D0-8D11-00A0C91BC942}") = "Sample_ParticleFX", "Samples\ParticleFX\Sample_ParticleFX.vcxproj", "{C535083D-93B5-4918-B77A-BCA34F35969F}"
EndProject
Project("{8BC9CEB8-8B4A-11D0-8D11-00A0C91BC942}") = "Sample_ParticleGS", "Samples\ParticleGS\Sample_ParticleGS.vcxproj", "{A4289426-D87F-4A99-AF68-9FF9AD4394BE}"
EndProject
Project("{8BC9CEB8-8B4A-11D0-8D11-00A0C91BC942}") = "Sample_ShaderSystem", "Samples\ShaderSystem\Sample_ShaderSystem.vcxproj", "{C840AF3E-24D4-4FD5-BA91-6188CD37388E}"
EndProject
Project("{8BC9CEB8-8B4A-11D0-8D11-00A0C91BC942}") = "Sample_Shadows", "Samples\Shadows\Sample_Shadows.vcxproj", "{4FB88A4B-ACBE-4D94-8BF0-E41E095A32BE}"
EndProject
Project("{8BC9CEB8-8B4A-11D0-8D11-00A0C91BC942}") = "Sample_SkeletalAnimation", "Samples\SkeletalAnimation\Sample_SkeletalAnimation.vcxproj", "{37B0D218-A704-4FDA-A968-7498191612CC}"
EndProject
Project("{8BC9CEB8-8B4A-11D0-8D11-00A0C91BC942}") = "Sample_SkyBox", "Samples\SkyBox\Sample_SkyBox.vcxproj", "{AFB428EF-0A02-4131-90C1-2536845618B1}"
EndProject
Project("{8BC9CEB8-8B4A-11D0-8D11-00A0C91BC942}") = "Sample_SkyDome", "Samples\SkyDome\Sample_SkyDome.vcxproj", "{D20ED169-1D1D-4FD0-8389-84AD016AD0EC}"
EndProject
Project("{8BC9CEB8-8B4A-11D0-8D11-00A0C91BC942}") = "Sample_SkyPlane", "Samples\SkyPlane\Sample_SkyPlane.vcxproj", "{93BAB14E-0C29-4E0D-B2B4-0EA7387FE1F5}"
EndProject
Project("{8BC9CEB8-8B4A-11D0-8D11-00A0C91BC942}") = "Sample_Smoke", "Samples\Smoke\Sample_Smoke.vcxproj", "{9801D113-7823-4330-BA0A-5425E3E53849}"
EndProject
Project("{8BC9CEB8-8B4A-11D0-8D11-00A0C91BC942}") = "Sample_SphereMapping", "Samples\SphereMapping\Sample_SphereMapping.vcxproj", "{FABE4E5F-785B-4740-BD4D-602ECD6E91B0}"
EndProject
Project("{8BC9CEB8-8B4A-11D0-8D11-00A0C91BC942}") = "Sample_Terrain", "Samples\Terrain\Sample_Terrain.vcxproj", "{ED44EDF7-6B2C-4B1E-80FA-07C9F7987BFD}"
EndProject
Project("{8BC9CEB8-8B4A-11D0-8D11-00A0C91BC942}") = "Sample_TextureFX", "Samples\TextureFX\Sample_TextureFX.vcxproj", "{03FB3E8F-0693-4AEC-BFDB-DEEAF8EE7975}"
EndProject
Project("{8BC9CEB8-8B4A-11D0-8D11-00A0C91BC942}") = "Sample_Transparency", "Samples\Transparency\Sample_Transparency.vcxproj", "{B32D4524-504C-417A-A7B4-5ED066FF1532}"
EndProject
Project("{8BC9CEB8-8B4A-11D0-8D11-00A0C91BC942}") = "Sample_VolumeTex", "Samples\VolumeTex\Sample_VolumeTex.vcxproj", "{1C1D83FF-BF17-4026-AA25-667AA8C2790E}"
EndProject
Project("{8BC9CEB8-8B4A-11D0-8D11-00A0C91BC942}") = "Sample_Water", "Samples\Water\Sample_Water.vcxproj", "{9796392D-2313-438C-8C30-8B6104BA694A}"
EndProject
Global
	GlobalSection(SolutionConfigurationPlatforms) = preSolution
		Debug|Win32 = Debug|Win32
		Release|Win32 = Release|Win32
	EndGlobalSection
	GlobalSection(ProjectConfigurationPlatforms) = postSolution
		{F6AF012A-98D3-466F-AFF0-BC4FD4D511F9}.Debug|Win32.ActiveCfg = Debug|Win32
		{F6AF012A-98D3-466F-AFF0-BC4FD4D511F9}.Debug|Win32.Build.0 = Debug|Win32
		{F6AF012A-98D3-466F-AFF0-BC4FD4D511F9}.Release|Win32.ActiveCfg = Release|Win32
		{F6AF012A-98D3-466F-AFF0-BC4FD4D511F9}.Release|Win32.Build.0 = Release|Win32
		{437CD0E0-D6D4-4FB5-942D-4C4178767A2B}.Debug|Win32.ActiveCfg = Debug|Win32
		{437CD0E0-D6D4-4FB5-942D-4C4178767A2B}.Debug|Win32.Build.0 = Debug|Win32
		{437CD0E0-D6D4-4FB5-942D-4C4178767A2B}.Release|Win32.ActiveCfg = Release|Win32
		{437CD0E0-D6D4-4FB5-942D-4C4178767A2B}.Release|Win32.Build.0 = Release|Win32
		{E4ED3D0F-0CB6-431D-B815-D62EB036D891}.Debug|Win32.ActiveCfg = Debug|Win32
		{E4ED3D0F-0CB6-431D-B815-D62EB036D891}.Debug|Win32.Build.0 = Debug|Win32
		{E4ED3D0F-0CB6-431D-B815-D62EB036D891}.Release|Win32.ActiveCfg = Release|Win32
		{E4ED3D0F-0CB6-431D-B815-D62EB036D891}.Release|Win32.Build.0 = Release|Win32
		{9C94828E-3D02-4713-A80E-175C8D94BF46}.Debug|Win32.ActiveCfg = Debug|Win32
		{9C94828E-3D02-4713-A80E-175C8D94BF46}.Debug|Win32.Build.0 = Debug|Win32
		{9C94828E-3D02-4713-A80E-175C8D94BF46}.Release|Win32.ActiveCfg = Release|Win32
		{9C94828E-3D02-4713-A80E-175C8D94BF46}.Release|Win32.Build.0 = Release|Win32
		{E8E85B8D-2461-49C4-8862-3F1398F06457}.Debug|Win32.ActiveCfg = Debug|Win32
		{E8E85B8D-2461-49C4-8862-3F1398F06457}.Debug|Win32.Build.0 = Debug|Win32
		{E8E85B8D-2461-49C4-8862-3F1398F06457}.Release|Win32.ActiveCfg = Release|Win32
		{E8E85B8D-2461-49C4-8862-3F1398F06457}.Release|Win32.Build.0 = Release|Win32
		{4709DBD4-E476-45F6-8A8B-C4A3B02DAA06}.Debug|Win32.ActiveCfg = Debug|Win32
		{4709DBD4-E476-45F6-8A8B-C4A3B02DAA06}.Debug|Win32.Build.0 = Debug|Win32
		{4709DBD4-E476-45F6-8A8B-C4A3B02DAA06}.Release|Win32.ActiveCfg = Release|Win32
		{4709DBD4-E476-45F6-8A8B-C4A3B02DAA06}.Release|Win32.Build.0 = Release|Win32
		{ADC49714-D54D-4373-9271-B6F5E0C30E9D}.Debug|Win32.ActiveCfg = Debug|Win32
		{ADC49714-D54D-4373-9271-B6F5E0C30E9D}.Debug|Win32.Build.0 = Debug|Win32
		{ADC49714-D54D-4373-9271-B6F5E0C30E9D}.Release|Win32.ActiveCfg = Release|Win32
		{ADC49714-D54D-4373-9271-B6F5E0C30E9D}.Release|Win32.Build.0 = Release|Win32
		{3867B065-46F4-4FB1-96A2-6A9004DE3752}.Debug|Win32.ActiveCfg = Debug|Win32
		{3867B065-46F4-4FB1-96A2-6A9004DE3752}.Debug|Win32.Build.0 = Debug|Win32
		{3867B065-46F4-4FB1-96A2-6A9004DE3752}.Release|Win32.ActiveCfg = Release|Win32
		{3867B065-46F4-4FB1-96A2-6A9004DE3752}.Release|Win32.Build.0 = Release|Win32
		{CEF48EA1-3BCA-4D91-A14C-C415CFE10319}.Debug|Win32.ActiveCfg = Debug|Win32
		{CEF48EA1-3BCA-4D91-A14C-C415CFE10319}.Debug|Win32.Build.0 = Debug|Win32
		{CEF48EA1-3BCA-4D91-A14C-C415CFE10319}.Release|Win32.ActiveCfg = Release|Win32
		{CEF48EA1-3BCA-4D91-A14C-C415CFE10319}.Release|Win32.Build.0 = Release|Win32
		{773CCDF5-EB8E-4DF5-B35D-6A5F94C63C4C}.Debug|Win32.ActiveCfg = Debug|Win32
		{773CCDF5-EB8E-4DF5-B35D-6A5F94C63C4C}.Debug|Win32.Build.0 = Debug|Win32
		{773CCDF5-EB8E-4DF5-B35D-6A5F94C63C4C}.Release|Win32.ActiveCfg = Release|Win32
		{773CCDF5-EB8E-4DF5-B35D-6A5F94C63C4C}.Release|Win32.Build.0 = Release|Win32
		{2A91D5F1-0392-481F-991D-EFD2DD61B8CC}.Debug|Win32.ActiveCfg = Debug|Win32
		{2A91D5F1-0392-481F-991D-EFD2DD61B8CC}.Debug|Win32.Build.0 = Debug|Win32
		{2A91D5F1-0392-481F-991D-EFD2DD61B8CC}.Release|Win32.ActiveCfg = Release|Win32
		{2A91D5F1-0392-481F-991D-EFD2DD61B8CC}.Release|Win32.Build.0 = Release|Win32
		{80987CEA-9F74-431C-AAF4-D8BEBAF2D73A}.Debug|Win32.ActiveCfg = Debug|Win32
		{80987CEA-9F74-431C-AAF4-D8BEBAF2D73A}.Debug|Win32.Build.0 = Debug|Win32
		{80987CEA-9F74-431C-AAF4-D8BEBAF2D73A}.Release|Win32.ActiveCfg = Release|Win32
		{80987CEA-9F74-431C-AAF4-D8BEBAF2D73A}.Release|Win32.Build.0 = Release|Win32
		{6B45404B-EB5E-40B1-B4D0-50D16586C2B3}.Debug|Win32.ActiveCfg = Debug|Win32
		{6B45404B-EB5E-40B1-B4D0-50D16586C2B3}.Debug|Win32.Build.0 = Debug|Win32
		{6B45404B-EB5E-40B1-B4D0-50D16586C2B3}.Release|Win32.ActiveCfg = Release|Win32
		{6B45404B-EB5E-40B1-B4D0-50D16586C2B3}.Release|Win32.Build.0 = Release|Win32
		{0D62011D-536C-4A48-8088-CC78FE0D3E98}.Debug|Win32.ActiveCfg = Debug|Win32
		{0D62011D-536C-4A48-8088-CC78FE0D3E98}.Debug|Win32.Build.0 = Debug|Win32
		{0D62011D-536C-4A48-8088-CC78FE0D3E98}.Release|Win32.ActiveCfg = Release|Win32
		{0D62011D-536C-4A48-8088-CC78FE0D3E98}.Release|Win32.Build.0 = Release|Win32
		{3290509D-81BA-4275-B3EA-141BC03E435B}.Debug|Win32.ActiveCfg = Debug|Win32
		{3290509D-81BA-4275-B3EA-141BC03E435B}.Debug|Win32.Build.0 = Debug|Win32
		{3290509D-81BA-4275-B3EA-141BC03E435B}.Release|Win32.ActiveCfg = Release|Win32
		{3290509D-81BA-4275-B3EA-141BC03E435B}.Release|Win32.Build.0 = Release|Win32
		{14DA64B4-B32B-40E0-A8FD-D0FDFBACD6A8}.Debug|Win32.ActiveCfg = Debug|Win32
		{14DA64B4-B32B-40E0-A8FD-D0FDFBACD6A8}.Debug|Win32.Build.0 = Debug|Win32
		{14DA64B4-B32B-40E0-A8FD-D0FDFBACD6A8}.Release|Win32.ActiveCfg = Release|Win32
		{14DA64B4-B32B-40E0-A8FD-D0FDFBACD6A8}.Release|Win32.Build.0 = Release|Win32
		{085D772A-851C-4907-9E14-4181F41672C7}.Debug|Win32.ActiveCfg = Debug|Win32
		{085D772A-851C-4907-9E14-4181F41672C7}.Debug|Win32.Build.0 = Debug|Win32
		{085D772A-851C-4907-9E14-4181F41672C7}.Release|Win32.ActiveCfg = Release|Win32
		{085D772A-851C-4907-9E14-4181F41672C7}.Release|Win32.Build.0 = Release|Win32
		{1CD87CA8-0F4F-4AF0-991A-E0B29C569837}.Debug|Win32.ActiveCfg = Debug|Win32
		{1CD87CA8-0F4F-4AF0-991A-E0B29C569837}.Debug|Win32.Build.0 = Debug|Win32
		{1CD87CA8-0F4F-4AF0-991A-E0B29C569837}.Release|Win32.ActiveCfg = Release|Win32
		{1CD87CA8-0F4F-4AF0-991A-E0B29C569837}.Release|Win32.Build.0 = Release|Win32
		{C535083D-93B5-4918-B77A-BCA34F35969F}.Debug|Win32.ActiveCfg = Debug|Win32
		{C535083D-93B5-4918-B77A-BCA34F35969F}.Debug|Win32.Build.0 = Debug|Win32
		{C535083D-93B5-4918-B77A-BCA34F35969F}.Release|Win32.ActiveCfg = Release|Win32
		{C535083D-93B5-4918-B77A-BCA34F35969F}.Release|Win32.Build.0 = Release|Win32
		{A4289426-D87F-4A99-AF68-9FF9AD4394BE}.Debug|Win32.ActiveCfg = Debug|Win32
		{A4289426-D87F-4A99-AF68-9FF9AD4394BE}.Debug|Win32.Build.0 = Debug|Win32
		{A4289426-D87F-4A99-AF68-9FF9AD4394BE}.Release|Win32.ActiveCfg = Release|Win32
		{A4289426-D87F-4A99-AF68-9FF9AD4394BE}.Release|Win32.Build.0 = Release|Win32
		{C840AF3E-24D4-4FD5-BA91-6188CD37388E}.Debug|Win32.ActiveCfg = Debug|Win32
		{C840AF3E-24D4-4FD5-BA91-6188CD37388E}.Debug|Win32.Build.0 = Debug|Win32
		{C840AF3E-24D4-4FD5-BA91-6188CD37388E}.Release|Win32.ActiveCfg = Release|Win32
		{C840AF3E-24D4-4FD5-BA91-6188CD37388E}.Release|Win32.Build.0 = Release|Win32
		{4FB88A4B-ACBE-4D94-8BF0-E41E095A32BE}.Debug|Win32.ActiveCfg = Debug|Win32
		{4FB88A4B-ACBE-4D94-8BF0-E41E095A32BE}.Debug|Win32.Build.0 = Debug|Win32
		{4FB88A4B-ACBE-4D94-8BF0-E41E095A32BE}.Release|Win32.ActiveCfg = Release|Win32
		{4FB88A4B-ACBE-4D94-8BF0-E41E095A32BE}.Release|Win32.Build.0 = Release|Win32
		{37B0D218-A704-4FDA-A968-7498191612CC}.Debug|Win32.ActiveCfg = Debug|Win32
		{37B0D218-A704-4FDA-A968-7498191612CC}.Debug|Win32.Build.0 = Debug|Win32
		{37B0D218-A704-4FDA-A968-7498191612CC}.Release|Win32.ActiveCfg = Release|Win32
		{37B0D218-A704-4FDA-A968-7498191612CC}.Release|Win32.Build.0 = Release|Win32
		{AFB428EF-0A02-4131-90C1-2536845618B1}.Debug|Win32.ActiveCfg = Debug|Win32
		{AFB428EF-0A02-4131-90C1-2536845618B1}.Debug|Win32.Build.0 = Debug|Win32
		{AFB428EF-0A02-4131-90C1-2536845618B1}.Release|Win32.ActiveCfg = Release|Win32
		{AFB428EF-0A02-4131-90C1-2536845618B1}.Release|Win32.Build.0 = Release|Win32
		{D20ED169-1D1D-4FD0-8389-84AD016AD0EC}.Debug|Win32.ActiveCfg = Debug|Win32
		{D20ED169-1D1D-4FD0-8389-84AD016AD0EC}.Debug|Win32.Build.0 = Debug|Win32
		{D20ED169-1D1D-4FD0-8389-84AD016AD0EC}.Release|Win32.ActiveCfg = Release|Win32
		{D20ED169-1D1D-4FD0-8389-84AD016AD0EC}.Release|Win32.Build.0 = Release|Win32
		{93BAB14E-0C29-4E0D-B2B4-0EA7387FE1F5}.Debug|Win32.ActiveCfg = Debug|Win32
		{93BAB14E-0C29-4E0D-B2B4-0EA7387FE1F5}.Debug|Win32.Build.0 = Debug|Win32
		{93BAB14E-0C29-4E0D-B2B4-0EA7387FE1F5}.Release|Win32.ActiveCfg = Release|Win32
		{93BAB14E-0C29-4E0D-B2B4-0EA7387FE1F5}.Release|Win32.Build.0 = Release|Win32
		{9801D113-7823-4330-BA0A-5425E3E53849}.Debug|Win32.ActiveCfg = Debug|Win32
		{9801D113-7823-4330-BA0A-5425E3E53849}.Debug|Win32.Build.0 = Debug|Win32
		{9801D113-7823-4330-BA0A-5425E3E53849}.Release|Win32.ActiveCfg = Release|Win32
		{9801D113-7823-4330-BA0A-5425E3E53849}.Release|Win32.Build.0 = Release|Win32
		{FABE4E5F-785B-4740-BD4D-602ECD6E91B0}.Debug|Win32.ActiveCfg = Debug|Win32
		{FABE4E5F-785B-4740-BD4D-602ECD6E91B0}.Debug|Win32.Build.0 = Debug|Win32
		{FABE4E5F-785B-4740-BD4D-602ECD6E91B0}.Release|Win32.ActiveCfg = Release|Win32
		{FABE4E5F-785B-4740-BD4D-602ECD6E91B0}.Release|Win32.Build.0 = Release|Win32
		{ED44EDF7-6B2C-4B1E-80FA-07C9F7987BFD}.Debug|Win32.ActiveCfg = Debug|Win32
		{ED44EDF7-6B2C-4B1E-80FA-07C9F7987BFD}.Debug|Win32.Build.0 = Debug|Win32
		{ED44EDF7-6B2C-4B1E-80FA-07C9F7987BFD}.Release|Win32.ActiveCfg = Release|Win32
		{ED44EDF7-6B2C-4B1E-80FA-07C9F7987BFD}.Release|Win32.Build.0 = Release|Win32
		{03FB3E8F-0693-4AEC-BFDB-DEEAF8EE7975}.Debug|Win32.ActiveCfg = Debug|Win32
		{03FB3E8F-0693-4AEC-BFDB-DEEAF8EE7975}.Debug|Win32.Build.0 = Debug|Win32
		{03FB3E8F-0693-4AEC-BFDB-DEEAF8EE7975}.Release|Win32.ActiveCfg = Release|Win32
		{03FB3E8F-0693-4AEC-BFDB-DEEAF8EE7975}.Release|Win32.Build.0 = Release|Win32
		{B32D4524-504C-417A-A7B4-5ED066FF1532}.Debug|Win32.ActiveCfg = Debug|Win32
		{B32D4524-504C-417A-A7B4-5ED066FF1532}.Debug|Win32.Build.0 = Debug|Win32
		{B32D4524-504C-417A-A7B4-5ED066FF1532}.Release|Win32.ActiveCfg = Release|Win32
		{B32D4524-504C-417A-A7B4-5ED066FF1532}.Release|Win32.Build.0 = Release|Win32
		{1C1D83FF-BF17-4026-AA25-667AA8C2790E}.Debug|Win32.ActiveCfg = Debug|Win32
		{1C1D83FF-BF17-4026-AA25-667AA8C2790E}.Debug|Win32.Build.0 = Debug|Win32
		{1C1D83FF-BF17-4026-AA25-667AA8C2790E}.Release|Win32.ActiveCfg = Release|Win32
		{1C1D83FF-BF17-4026-AA25-667AA8C2790E}.Release|Win32.Build.0 = Release|Win32
		{9796392D-2313-438C-8C30-8B6104BA694A}.Debug|Win32.ActiveCfg = Debug|Win32
		{9796392D-2313-438C-8C30-8B6104BA694A}.Debug|Win32.Build.0 = Debug|Win32
		{9796392D-2313-438C-8C30-8B6104BA694A}.Release|Win32.ActiveCfg = Release|Win32
		{9796392D-2313-438C-8C30-8B6104BA694A}.Release|Win32.Build.0 = Release|Win32
	EndGlobalSection
	GlobalSection(SolutionProperties) = preSolution
		HideSolutionNode = FALSE
	EndGlobalSection
EndGlobal
